
Microsoft Visual Studio Solution File, Format Version 12.00
# Visual Studio Version 17
VisualStudioVersion = 17.10.34928.147
MinimumVisualStudioVersion = 10.0.40219.1
Project("{9A19103F-16F7-4668-BE54-9A1E7A4F7556}") = "AuthService", "AuthService\AuthService.csproj", "{34DA49FD-B8A9-4350-9D90-EDA6AA5A5EB5}"
EndProject
Project("{9A19103F-16F7-4668-BE54-9A1E7A4F7556}") = "ProfileService", "ProfileService\ProfileService.csproj", "{FC5D64CF-65A2-4EF4-A9E2-FE982E4284C1}"
EndProject
Project("{9A19103F-16F7-4668-BE54-9A1E7A4F7556}") = "APIGateway", "APIGateway\APIGateway.csproj", "{7FBDD68F-A36A-4A55-B60E-9101E92A8406}"
EndProject
Project("{FAE04EC0-301F-11D3-BF4B-00C04F79EFBC}") = "PremiumService", "PremiumService\PremiumService.csproj", "{2F5A983D-6E66-4D43-AD84-526B498AE14B}"
EndProject
Global
	GlobalSection(SolutionConfigurationPlatforms) = preSolution
		Debug|Any CPU = Debug|Any CPU
		Release|Any CPU = Release|Any CPU
	EndGlobalSection
	GlobalSection(ProjectConfigurationPlatforms) = postSolution
		{34DA49FD-B8A9-4350-9D90-EDA6AA5A5EB5}.Debug|Any CPU.ActiveCfg = Debug|Any CPU
		{34DA49FD-B8A9-4350-9D90-EDA6AA5A5EB5}.Debug|Any CPU.Build.0 = Debug|Any CPU
		{34DA49FD-B8A9-4350-9D90-EDA6AA5A5EB5}.Release|Any CPU.ActiveCfg = Release|Any CPU
		{34DA49FD-B8A9-4350-9D90-EDA6AA5A5EB5}.Release|Any CPU.Build.0 = Release|Any CPU
		{FC5D64CF-65A2-4EF4-A9E2-FE982E4284C1}.Debug|Any CPU.ActiveCfg = Debug|Any CPU
		{FC5D64CF-65A2-4EF4-A9E2-FE982E4284C1}.Debug|Any CPU.Build.0 = Debug|Any CPU
		{FC5D64CF-65A2-4EF4-A9E2-FE982E4284C1}.Release|Any CPU.ActiveCfg = Release|Any CPU
		{FC5D64CF-65A2-4EF4-A9E2-FE982E4284C1}.Release|Any CPU.Build.0 = Release|Any CPU
		{7FBDD68F-A36A-4A55-B60E-9101E92A8406}.Debug|Any CPU.ActiveCfg = Debug|Any CPU
		{7FBDD68F-A36A-4A55-B60E-9101E92A8406}.Debug|Any CPU.Build.0 = Debug|Any CPU
		{7FBDD68F-A36A-4A55-B60E-9101E92A8406}.Release|Any CPU.ActiveCfg = Release|Any CPU
		{7FBDD68F-A36A-4A55-B60E-9101E92A8406}.Release|Any CPU.Build.0 = Release|Any CPU
		{2F5A983D-6E66-4D43-AD84-526B498AE14B}.Debug|Any CPU.ActiveCfg = Debug|Any CPU
		{2F5A983D-6E66-4D43-AD84-526B498AE14B}.Debug|Any CPU.Build.0 = Debug|Any CPU
		{2F5A983D-6E66-4D43-AD84-526B498AE14B}.Release|Any CPU.ActiveCfg = Release|Any CPU
		{2F5A983D-6E66-4D43-AD84-526B498AE14B}.Release|Any CPU.Build.0 = Release|Any CPU
	EndGlobalSection
	GlobalSection(SolutionProperties) = preSolution
		HideSolutionNode = FALSE
	EndGlobalSection
	GlobalSection(ExtensibilityGlobals) = postSolution
		SolutionGuid = {4B5FE218-6DC5-43CC-881C-BE5A34306E96}
	EndGlobalSection
EndGlobal
